
Microsoft Visual Studio Solution File, Format Version 12.00
Project("{2150E333-8FDC-42A3-9474-1A3956D46DE8}") = "Documentation", "Documentation", "{AB93405A-565A-4860-81DC-3BE7364CB1DA}"
EndProject
Project("{FAE04EC0-301F-11D3-BF4B-00C04F79EFBC}") = "Docs", "Docs\Docs.csproj", "{22EE6B04-7C89-4EE7-AA3E-642000CDD7E8}"
EndProject
Global
	GlobalSection(SolutionConfigurationPlatforms) = preSolution
		Debug|Any CPU = Debug|Any CPU
		Release|Any CPU = Release|Any CPU
	EndGlobalSection
	GlobalSection(NestedProjects) = preSolution
		{22EE6B04-7C89-4EE7-AA3E-642000CDD7E8} = {AB93405A-565A-4860-81DC-3BE7364CB1DA}
	EndGlobalSection
	GlobalSection(ProjectConfigurationPlatforms) = postSolution
		{22EE6B04-7C89-4EE7-AA3E-642000CDD7E8}.Debug|Any CPU.ActiveCfg = Debug|Any CPU
		{22EE6B04-7C89-4EE7-AA3E-642000CDD7E8}.Debug|Any CPU.Build.0 = Debug|Any CPU
		{22EE6B04-7C89-4EE7-AA3E-642000CDD7E8}.Release|Any CPU.ActiveCfg = Release|Any CPU
		{22EE6B04-7C89-4EE7-AA3E-642000CDD7E8}.Release|Any CPU.Build.0 = Release|Any CPU
	EndGlobalSection
EndGlobal
